
Microsoft Visual Studio Solution File, Format Version 12.00
# Visual Studio Version 16
VisualStudioVersion = 16.0.33130.400
MinimumVisualStudioVersion = 10.0.40219.1
Project("{FAE04EC0-301F-11D3-BF4B-00C04F79EFBC}") = "E_Shopper", "E_Shopper\E_Shopper.csproj", "{1CEF436E-F685-4F00-A8A8-D2EB21BEEE6F}"
EndProject
Global
	GlobalSection(SolutionConfigurationPlatforms) = preSolution
		Debug|Any CPU = Debug|Any CPU
		Release|Any CPU = Release|Any CPU
	EndGlobalSection
	GlobalSection(ProjectConfigurationPlatforms) = postSolution
		{1CEF436E-F685-4F00-A8A8-D2EB21BEEE6F}.Debug|Any CPU.ActiveCfg = Debug|Any CPU
		{1CEF436E-F685-4F00-A8A8-D2EB21BEEE6F}.Debug|Any CPU.Build.0 = Debug|Any CPU
		{1CEF436E-F685-4F00-A8A8-D2EB21BEEE6F}.Release|Any CPU.ActiveCfg = Release|Any CPU
		{1CEF436E-F685-4F00-A8A8-D2EB21BEEE6F}.Release|Any CPU.Build.0 = Release|Any CPU
	EndGlobalSection
	GlobalSection(SolutionProperties) = preSolution
		HideSolutionNode = FALSE
	EndGlobalSection
	GlobalSection(ExtensibilityGlobals) = postSolution
		SolutionGuid = {B57C797A-4DFC-4410-9231-F6FD3D16EB8E}
	EndGlobalSection
EndGlobal
